
Microsoft Visual Studio Solution File, Format Version 12.00
# Visual Studio 15
VisualStudioVersion = 15.0.27703.2026
MinimumVisualStudioVersion = 10.0.40219.1
Project("{9A19103F-16F7-4668-BE54-9A1E7A4F7556}") = "WebApplication.Api", "WebApplication.Api\WebApplication.Api.csproj", "{76DA0BF0-401E-4843-BA7D-7A712FE688A2}"
EndProject
Project("{9A19103F-16F7-4668-BE54-9A1E7A4F7556}") = "WebApplication.Tests", "WebApplication.Tests\WebApplication.Tests.csproj", "{122C5C2B-6E3E-410F-88FC-9BCC278220DC}"
EndProject
Project("{9A19103F-16F7-4668-BE54-9A1E7A4F7556}") = "WebApplication.Services", "WebApplication.Services\WebApplication.Services.csproj", "{C5A31552-E507-44D7-BC02-8FB0DA5FC6C7}"
EndProject
Project("{9A19103F-16F7-4668-BE54-9A1E7A4F7556}") = "WebApplication.Repository", "WebApplication.Repository\WebApplication.Repository.csproj", "{922D6832-1153-4EE2-9B63-E0CB1F4F786D}"
EndProject
Project("{FAE04EC0-301F-11D3-BF4B-00C04F79EFBC}") = "WebApplication.Constants", "WebApplication.Constants\WebApplication.Constants.csproj", "{7076ECF7-3971-4776-BA0E-838E1D427B09}"
EndProject
Global
	GlobalSection(SolutionConfigurationPlatforms) = preSolution
		Debug|Any CPU = Debug|Any CPU
		Release|Any CPU = Release|Any CPU
	EndGlobalSection
	GlobalSection(ProjectConfigurationPlatforms) = postSolution
		{76DA0BF0-401E-4843-BA7D-7A712FE688A2}.Debug|Any CPU.ActiveCfg = Debug|Any CPU
		{76DA0BF0-401E-4843-BA7D-7A712FE688A2}.Debug|Any CPU.Build.0 = Debug|Any CPU
		{76DA0BF0-401E-4843-BA7D-7A712FE688A2}.Release|Any CPU.ActiveCfg = Release|Any CPU
		{76DA0BF0-401E-4843-BA7D-7A712FE688A2}.Release|Any CPU.Build.0 = Release|Any CPU
		{122C5C2B-6E3E-410F-88FC-9BCC278220DC}.Debug|Any CPU.ActiveCfg = Debug|Any CPU
		{122C5C2B-6E3E-410F-88FC-9BCC278220DC}.Debug|Any CPU.Build.0 = Debug|Any CPU
		{122C5C2B-6E3E-410F-88FC-9BCC278220DC}.Release|Any CPU.ActiveCfg = Release|Any CPU
		{122C5C2B-6E3E-410F-88FC-9BCC278220DC}.Release|Any CPU.Build.0 = Release|Any CPU
		{C5A31552-E507-44D7-BC02-8FB0DA5FC6C7}.Debug|Any CPU.ActiveCfg = Debug|Any CPU
		{C5A31552-E507-44D7-BC02-8FB0DA5FC6C7}.Debug|Any CPU.Build.0 = Debug|Any CPU
		{C5A31552-E507-44D7-BC02-8FB0DA5FC6C7}.Release|Any CPU.ActiveCfg = Release|Any CPU
		{C5A31552-E507-44D7-BC02-8FB0DA5FC6C7}.Release|Any CPU.Build.0 = Release|Any CPU
		{922D6832-1153-4EE2-9B63-E0CB1F4F786D}.Debug|Any CPU.ActiveCfg = Debug|Any CPU
		{922D6832-1153-4EE2-9B63-E0CB1F4F786D}.Debug|Any CPU.Build.0 = Debug|Any CPU
		{922D6832-1153-4EE2-9B63-E0CB1F4F786D}.Release|Any CPU.ActiveCfg = Release|Any CPU
		{922D6832-1153-4EE2-9B63-E0CB1F4F786D}.Release|Any CPU.Build.0 = Release|Any CPU
		{7076ECF7-3971-4776-BA0E-838E1D427B09}.Debug|Any CPU.ActiveCfg = Debug|Any CPU
		{7076ECF7-3971-4776-BA0E-838E1D427B09}.Debug|Any CPU.Build.0 = Debug|Any CPU
		{7076ECF7-3971-4776-BA0E-838E1D427B09}.Release|Any CPU.ActiveCfg = Release|Any CPU
		{7076ECF7-3971-4776-BA0E-838E1D427B09}.Release|Any CPU.Build.0 = Release|Any CPU
	EndGlobalSection
	GlobalSection(SolutionProperties) = preSolution
		HideSolutionNode = FALSE
	EndGlobalSection
	GlobalSection(ExtensibilityGlobals) = postSolution
		SolutionGuid = {EB016D86-C042-4424-B7FF-8F7297BCD16E}
	EndGlobalSection
EndGlobal
